
Microsoft Visual Studio Solution File, Format Version 12.00
# Visual Studio 2013
VisualStudioVersion = 12.0.31101.0
MinimumVisualStudioVersion = 10.0.40219.1
Project("{FAE04EC0-301F-11D3-BF4B-00C04F79EFBC}") = "ITI.Simc-ITI", "ITI.Simc-ITI\ITI.Simc-ITI.csproj", "{F1BABCA6-8BBE-442E-BBB0-D6A9B116D08F}"
EndProject
Project("{FAE04EC0-301F-11D3-BF4B-00C04F79EFBC}") = "ITI.Simc-ITI.Build.Lib", "ITI.Simc-ITI.Lib\ITI.Simc-ITI.Build.Lib.csproj", "{47C283E8-0C78-4092-AE5C-057993C3ABE6}"
EndProject
Project("{FAE04EC0-301F-11D3-BF4B-00C04F79EFBC}") = "ITI.Simc-ITI.Test", "ITI.Simc-ITI.Test\ITI.Simc-ITI.Test.csproj", "{8910EC68-DB03-4D70-99BD-418751B1F5AE}"
EndProject
Project("{2150E333-8FDC-42A3-9474-1A3956D46DE8}") = ".nuget", ".nuget", "{9C94E04D-67DE-4F34-811C-226BE89B6B51}"
	ProjectSection(SolutionItems) = preProject
		.nuget\packages.config = .nuget\packages.config
	EndProjectSection
EndProject
Project("{FAE04EC0-301F-11D3-BF4B-00C04F79EFBC}") = "ITI.Simc-ITI.Money.Lib", "ITI.Simc-ITI.Money.Lib\ITI.Simc-ITI.Money.Lib.csproj", "{B028C0CC-16B5-4E89-935C-DE0F836D2AD8}"
EndProject
Global
	GlobalSection(SolutionConfigurationPlatforms) = preSolution
		Debug|Any CPU = Debug|Any CPU
		Release|Any CPU = Release|Any CPU
	EndGlobalSection
	GlobalSection(ProjectConfigurationPlatforms) = postSolution
		{F1BABCA6-8BBE-442E-BBB0-D6A9B116D08F}.Debug|Any CPU.ActiveCfg = Debug|Any CPU
		{F1BABCA6-8BBE-442E-BBB0-D6A9B116D08F}.Debug|Any CPU.Build.0 = Debug|Any CPU
		{F1BABCA6-8BBE-442E-BBB0-D6A9B116D08F}.Release|Any CPU.ActiveCfg = Release|Any CPU
		{F1BABCA6-8BBE-442E-BBB0-D6A9B116D08F}.Release|Any CPU.Build.0 = Release|Any CPU
		{47C283E8-0C78-4092-AE5C-057993C3ABE6}.Debug|Any CPU.ActiveCfg = Debug|Any CPU
		{47C283E8-0C78-4092-AE5C-057993C3ABE6}.Debug|Any CPU.Build.0 = Debug|Any CPU
		{47C283E8-0C78-4092-AE5C-057993C3ABE6}.Release|Any CPU.ActiveCfg = Release|Any CPU
		{47C283E8-0C78-4092-AE5C-057993C3ABE6}.Release|Any CPU.Build.0 = Release|Any CPU
		{8910EC68-DB03-4D70-99BD-418751B1F5AE}.Debug|Any CPU.ActiveCfg = Debug|Any CPU
		{8910EC68-DB03-4D70-99BD-418751B1F5AE}.Debug|Any CPU.Build.0 = Debug|Any CPU
		{8910EC68-DB03-4D70-99BD-418751B1F5AE}.Release|Any CPU.ActiveCfg = Release|Any CPU
		{8910EC68-DB03-4D70-99BD-418751B1F5AE}.Release|Any CPU.Build.0 = Release|Any CPU
		{B028C0CC-16B5-4E89-935C-DE0F836D2AD8}.Debug|Any CPU.ActiveCfg = Debug|Any CPU
		{B028C0CC-16B5-4E89-935C-DE0F836D2AD8}.Debug|Any CPU.Build.0 = Debug|Any CPU
		{B028C0CC-16B5-4E89-935C-DE0F836D2AD8}.Release|Any CPU.ActiveCfg = Release|Any CPU
		{B028C0CC-16B5-4E89-935C-DE0F836D2AD8}.Release|Any CPU.Build.0 = Release|Any CPU
	EndGlobalSection
	GlobalSection(SolutionProperties) = preSolution
		HideSolutionNode = FALSE
	EndGlobalSection
EndGlobal
